
Microsoft Visual Studio Solution File, Format Version 12.00
# Visual Studio Version 17
VisualStudioVersion = 17.0.32112.339
MinimumVisualStudioVersion = 10.0.40219.1
Project("{FAE04EC0-301F-11D3-BF4B-00C04F79EFBC}") = "RadiansToDegrees", "RadiansToDegrees\RadiansToDegrees.csproj", "{557A3561-8C3C-41BA-833D-44737CC15BA0}"
EndProject
Global
	GlobalSection(SolutionConfigurationPlatforms) = preSolution
		Debug|Any CPU = Debug|Any CPU
		Release|Any CPU = Release|Any CPU
	EndGlobalSection
	GlobalSection(ProjectConfigurationPlatforms) = postSolution
		{557A3561-8C3C-41BA-833D-44737CC15BA0}.Debug|Any CPU.ActiveCfg = Debug|Any CPU
		{557A3561-8C3C-41BA-833D-44737CC15BA0}.Debug|Any CPU.Build.0 = Debug|Any CPU
		{557A3561-8C3C-41BA-833D-44737CC15BA0}.Release|Any CPU.ActiveCfg = Release|Any CPU
		{557A3561-8C3C-41BA-833D-44737CC15BA0}.Release|Any CPU.Build.0 = Release|Any CPU
	EndGlobalSection
	GlobalSection(SolutionProperties) = preSolution
		HideSolutionNode = FALSE
	EndGlobalSection
	GlobalSection(ExtensibilityGlobals) = postSolution
		SolutionGuid = {81342E9D-08F3-4134-B938-A4E8CAB77D7A}
	EndGlobalSection
EndGlobal
